// !$*UTF8*$!
{
	archiveVersion = 1;
	classes = {
	};
	objectVersion = 77;
	objects = {

/* Begin PBXBuildFile section */
		CBD5FE17300BC518007F7603 /* AppDelegate.swift in Sources */ = {isa = PBXBuildFile; fileRef = CBD5FE16300BC518007F7603 /* AppDelegate.swift */; };
		CBD5FE1B300BC518007F7603 /* Main.html in Resources */ = {isa = PBXBuildFile; fileRef = CBD5FE19300BC518007F7603 /* Main.html */; };
		CBD5FE1D300BC518007F7603 /* Icon.png in Resources */ = {isa = PBXBuildFile; fileRef = CBD5FE1C300BC518007F7603 /* Icon.png */; };
		CBD5FE1F300BC518007F7603 /* Style.css in Resources */ = {isa = PBXBuildFile; fileRef = CBD5FE1E300BC518007F7603 /* Style.css */; };
		CBD5FE21300BC518007F7603 /* SceneDelegate.swift in Sources */ = {isa = PBXBuildFile; fileRef = CBD5FE20300BC518007F7603 /* SceneDelegate.swift */; };
		CBD5FE23300BC518007F7603 /* ViewController.swift in Sources */ = {isa = PBXBuildFile; fileRef = CBD5FE22300BC518007F7603 /* ViewController.swift */; };
		CBD5FE26300BC518007F7603 /* LaunchScreen.storyboard in Resources */ = {isa = PBXBuildFile; fileRef = CBD5FE24300BC518007F7603 /* LaunchScreen.storyboard */; };
		CBD5FE29300BC518007F7603 /* Main.storyboard in Resources */ = {isa = PBXBuildFile; fileRef = CBD5FE27300BC518007F7603 /* Main.storyboard */; };
		CBD5FE31300BC519007F7603 /* Bulgarian Accenter Extension.appex in Embed Foundation Extensions */ = {isa = PBXBuildFile; fileRef = CBD5FE30300BC519007F7603 /* Bulgarian Accenter Extension.appex */; settings = {ATTRIBUTES = (RemoveHeadersOnCopy, ); }; };
		CBD5FE36300BC519007F7603 /* SafariWebExtensionHandler.swift in Sources */ = {isa = PBXBuildFile; fileRef = CBD5FE35300BC519007F7603 /* SafariWebExtensionHandler.swift */; };
		CBD5FE38300BC519007F7603 /* Assets.xcassets in Resources */ = {isa = PBXBuildFile; fileRef = CBD5FE2A300BC519007F7603 /* Assets.xcassets */; };
		CBD5FE47300BC519007F7603 /* icons in Resources */ = {isa = PBXBuildFile; fileRef = CBD5FE43300BC519007F7603 /* icons */; };
		CBD5FE48300BC519007F7603 /* manifest.json in Resources */ = {isa = PBXBuildFile; fileRef = CBD5FE44300BC519007F7603 /* manifest.json */; };
		CBD5FE49300BC519007F7603 /* data in Resources */ = {isa = PBXBuildFile; fileRef = CBD5FE45300BC519007F7603 /* data */; };
		CBD5FE4A300BC519007F7603 /* src in Resources */ = {isa = PBXBuildFile; fileRef = CBD5FE46300BC519007F7603 /* src */; };
/* End PBXBuildFile section */

/* Begin PBXContainerItemProxy section */
		CBD5FE32300BC519007F7603 /* PBXContainerItemProxy */ = {
			isa = PBXContainerItemProxy;
			containerPortal = CBD5FE0B300BC518007F7603 /* Project object */;
			proxyType = 1;
			remoteGlobalIDString = CBD5FE2F300BC519007F7603;
			remoteInfo = "Bulgarian Accenter Extension";
		};
/* End PBXContainerItemProxy section */

/* Begin PBXCopyFilesBuildPhase section */
		CBD5FE3E300BC519007F7603 /* Embed Foundation Extensions */ = {
			isa = PBXCopyFilesBuildPhase;
			buildActionMask = 2147483647;
			dstPath = "";
			dstSubfolderSpec = 13;
			files = (
				CBD5FE31300BC519007F7603 /* Bulgarian Accenter Extension.appex in Embed Foundation Extensions */,
			);
			name = "Embed Foundation Extensions";
			runOnlyForDeploymentPostprocessing = 0;
		};
/* End PBXCopyFilesBuildPhase section */

/* Begin PBXFileReference section */
		CBD5FE13300BC518007F7603 /* Bulgarian Accenter.app */ = {isa = PBXFileReference; explicitFileType = wrapper.application; includeInIndex = 0; path = "Bulgarian Accenter.app"; sourceTree = BUILT_PRODUCTS_DIR; };
		CBD5FE16300BC518007F7603 /* AppDelegate.swift */ = {isa = PBXFileReference; lastKnownFileType = sourcecode.swift; path = AppDelegate.swift; sourceTree = "<group>"; };
		CBD5FE1A300BC518007F7603 /* Base */ = {isa = PBXFileReference; lastKnownFileType = text.html; name = Base; path = Base.lproj/Main.html; sourceTree = "<group>"; };
		CBD5FE1C300BC518007F7603 /* Icon.png */ = {isa = PBXFileReference; lastKnownFileType = image.png; path = Icon.png; sourceTree = "<group>"; };
		CBD5FE1E300BC518007F7603 /* Style.css */ = {isa = PBXFileReference; lastKnownFileType = text.css; path = Style.css; sourceTree = "<group>"; };
		CBD5FE20300BC518007F7603 /* SceneDelegate.swift */ = {isa = PBXFileReference; lastKnownFileType = sourcecode.swift; path = SceneDelegate.swift; sourceTree = "<group>"; };
		CBD5FE22300BC518007F7603 /* ViewController.swift */ = {isa = PBXFileReference; lastKnownFileType = sourcecode.swift; path = ViewController.swift; sourceTree = "<group>"; };
		CBD5FE25300BC518007F7603 /* Base */ = {isa = PBXFileReference; lastKnownFileType = file.storyboard; name = Base; path = Base.lproj/LaunchScreen.storyboard; sourceTree = "<group>"; };
		CBD5FE28300BC518007F7603 /* Base */ = {isa = PBXFileReference; lastKnownFileType = file.storyboard; name = Base; path = Base.lproj/Main.storyboard; sourceTree = "<group>"; };
		CBD5FE2A300BC519007F7603 /* Assets.xcassets */ = {isa = PBXFileReference; lastKnownFileType = folder.assetcatalog; path = Assets.xcassets; sourceTree = "<group>"; };
		CBD5FE2B300BC519007F7603 /* Info.plist */ = {isa = PBXFileReference; lastKnownFileType = text.plist.xml; path = Info.plist; sourceTree = "<group>"; };
		CBD5FE30300BC519007F7603 /* Bulgarian Accenter Extension.appex */ = {isa = PBXFileReference; explicitFileType = "wrapper.app-extension"; includeInIndex = 0; path = "Bulgarian Accenter Extension.appex"; sourceTree = BUILT_PRODUCTS_DIR; };
		CBD5FE35300BC519007F7603 /* SafariWebExtensionHandler.swift */ = {isa = PBXFileReference; lastKnownFileType = sourcecode.swift; path = SafariWebExtensionHandler.swift; sourceTree = "<group>"; };
		CBD5FE37300BC519007F7603 /* Info.plist */ = {isa = PBXFileReference; lastKnownFileType = text.plist.xml; path = Info.plist; sourceTree = "<group>"; };
		CBD5FE43300BC519007F7603 /* icons */ = {isa = PBXFileReference; lastKnownFileType = folder; name = icons; path = ../../../dist/safari/icons; sourceTree = "<group>"; };
		CBD5FE44300BC519007F7603 /* manifest.json */ = {isa = PBXFileReference; lastKnownFileType = text.json; name = manifest.json; path = ../../../dist/safari/manifest.json; sourceTree = "<group>"; };
		CBD5FE45300BC519007F7603 /* data */ = {isa = PBXFileReference; lastKnownFileType = folder; name = data; path = ../../../dist/safari/data; sourceTree = "<group>"; };
		CBD5FE46300BC519007F7603 /* src */ = {isa = PBXFileReference; lastKnownFileType = folder; name = src; path = ../../../dist/safari/src; sourceTree = "<group>"; };
/* End PBXFileReference section */

/* Begin PBXFrameworksBuildPhase section */
		CBD5FE10300BC518007F7603 /* Frameworks */ = {
			isa = PBXFrameworksBuildPhase;
			buildActionMask = 2147483647;
			files = (
			);
			runOnlyForDeploymentPostprocessing = 0;
		};
		CBD5FE2D300BC519007F7603 /* Frameworks */ = {
			isa = PBXFrameworksBuildPhase;
			buildActionMask = 2147483647;
			files = (
			);
			runOnlyForDeploymentPostprocessing = 0;
		};
/* End PBXFrameworksBuildPhase section */

/* Begin PBXGroup section */
		CBD5FE0A300BC518007F7603 = {
			isa = PBXGroup;
			children = (
				CBD5FE15300BC518007F7603 /* Bulgarian Accenter */,
				CBD5FE34300BC519007F7603 /* Bulgarian Accenter Extension */,
				CBD5FE14300BC518007F7603 /* Products */,
			);
			sourceTree = "<group>";
		};
		CBD5FE14300BC518007F7603 /* Products */ = {
			isa = PBXGroup;
			children = (
				CBD5FE13300BC518007F7603 /* Bulgarian Accenter.app */,
				CBD5FE30300BC519007F7603 /* Bulgarian Accenter Extension.appex */,
			);
			name = Products;
			sourceTree = "<group>";
		};
		CBD5FE15300BC518007F7603 /* Bulgarian Accenter */ = {
			isa = PBXGroup;
			children = (
				CBD5FE16300BC518007F7603 /* AppDelegate.swift */,
				CBD5FE20300BC518007F7603 /* SceneDelegate.swift */,
				CBD5FE22300BC518007F7603 /* ViewController.swift */,
				CBD5FE24300BC518007F7603 /* LaunchScreen.storyboard */,
				CBD5FE27300BC518007F7603 /* Main.storyboard */,
				CBD5FE2A300BC519007F7603 /* Assets.xcassets */,
				CBD5FE2B300BC519007F7603 /* Info.plist */,
				CBD5FE18300BC518007F7603 /* Resources */,
			);
			path = "Bulgarian Accenter";
			sourceTree = "<group>";
		};
		CBD5FE18300BC518007F7603 /* Resources */ = {
			isa = PBXGroup;
			children = (
				CBD5FE19300BC518007F7603 /* Main.html */,
				CBD5FE1C300BC518007F7603 /* Icon.png */,
				CBD5FE1E300BC518007F7603 /* Style.css */,
			);
			path = Resources;
			sourceTree = "<group>";
		};
		CBD5FE34300BC519007F7603 /* Bulgarian Accenter Extension */ = {
			isa = PBXGroup;
			children = (
				CBD5FE42300BC519007F7603 /* Resources */,
				CBD5FE35300BC519007F7603 /* SafariWebExtensionHandler.swift */,
				CBD5FE37300BC519007F7603 /* Info.plist */,
			);
			path = "Bulgarian Accenter Extension";
			sourceTree = "<group>";
		};
		CBD5FE42300BC519007F7603 /* Resources */ = {
			isa = PBXGroup;
			children = (
				CBD5FE43300BC519007F7603 /* icons */,
				CBD5FE44300BC519007F7603 /* manifest.json */,
				CBD5FE45300BC519007F7603 /* data */,
				CBD5FE46300BC519007F7603 /* src */,
			);
			name = Resources;
			path = "Bulgarian Accenter Extension";
			sourceTree = SOURCE_ROOT;
		};
/* End PBXGroup section */

/* Begin PBXNativeTarget section */
		CBD5FE12300BC518007F7603 /* Bulgarian Accenter */ = {
			isa = PBXNativeTarget;
			buildConfigurationList = CBD5FE3F300BC519007F7603 /* Build configuration list for PBXNativeTarget "Bulgarian Accenter" */;
			buildPhases = (
				CBD5FE0F300BC518007F7603 /* Sources */,
				CBD5FE10300BC518007F7603 /* Frameworks */,
				CBD5FE11300BC518007F7603 /* Resources */,
				CBD5FE3E300BC519007F7603 /* Embed Foundation Extensions */,
			);
			buildRules = (
			);
			dependencies = (
				CBD5FE33300BC519007F7603 /* PBXTargetDependency */,
			);
			name = "Bulgarian Accenter";
			packageProductDependencies = (
			);
			productName = "Bulgarian Accenter";
			productReference = CBD5FE13300BC518007F7603 /* Bulgarian Accenter.app */;
			productType = "com.apple.product-type.application";
		};
		CBD5FE2F300BC519007F7603 /* Bulgarian Accenter Extension */ = {
			isa = PBXNativeTarget;
			buildConfigurationList = CBD5FE3B300BC519007F7603 /* Build configuration list for PBXNativeTarget "Bulgarian Accenter Extension" */;
			buildPhases = (
				CBD5FE2C300BC519007F7603 /* Sources */,
				CBD5FE2D300BC519007F7603 /* Frameworks */,
				CBD5FE2E300BC519007F7603 /* Resources */,
			);
			buildRules = (
			);
			dependencies = (
			);
			name = "Bulgarian Accenter Extension";
			packageProductDependencies = (
			);
			productName = "Bulgarian Accenter Extension";
			productReference = CBD5FE30300BC519007F7603 /* Bulgarian Accenter Extension.appex */;
			productType = "com.apple.product-type.app-extension";
		};
/* End PBXNativeTarget section */

/* Begin PBXProject section */
		CBD5FE0B300BC518007F7603 /* Project object */ = {
			isa = PBXProject;
			attributes = {
				BuildIndependentTargetsInParallel = 1;
				LastSwiftUpdateCheck = 2650;
				LastUpgradeCheck = 2650;
				TargetAttributes = {
					CBD5FE12300BC518007F7603 = {
						CreatedOnToolsVersion = 26.5;
					};
					CBD5FE2F300BC519007F7603 = {
						CreatedOnToolsVersion = 26.5;
					};
				};
			};
			buildConfigurationList = CBD5FE0E300BC518007F7603 /* Build configuration list for PBXProject "Bulgarian Accenter" */;
			developmentRegion = en;
			hasScannedForEncodings = 0;
			knownRegions = (
				en,
				Base,
			);
			mainGroup = CBD5FE0A300BC518007F7603;
			minimizedProjectReferenceProxies = 1;
			preferredProjectObjectVersion = 77;
			productRefGroup = CBD5FE14300BC518007F7603 /* Products */;
			projectDirPath = "";
			projectRoot = "";
			targets = (
				CBD5FE12300BC518007F7603 /* Bulgarian Accenter */,
				CBD5FE2F300BC519007F7603 /* Bulgarian Accenter Extension */,
			);
		};
/* End PBXProject section */

/* Begin PBXResourcesBuildPhase section */
		CBD5FE11300BC518007F7603 /* Resources */ = {
			isa = PBXResourcesBuildPhase;
			buildActionMask = 2147483647;
			files = (
				CBD5FE1D300BC518007F7603 /* Icon.png in Resources */,
				CBD5FE29300BC518007F7603 /* Main.storyboard in Resources */,
				CBD5FE26300BC518007F7603 /* LaunchScreen.storyboard in Resources */,
				CBD5FE1B300BC518007F7603 /* Main.html in Resources */,
				CBD5FE38300BC519007F7603 /* Assets.xcassets in Resources */,
				CBD5FE1F300BC518007F7603 /* Style.css in Resources */,
			);
			runOnlyForDeploymentPostprocessing = 0;
		};
		CBD5FE2E300BC519007F7603 /* Resources */ = {
			isa = PBXResourcesBuildPhase;
			buildActionMask = 2147483647;
			files = (
				CBD5FE48300BC519007F7603 /* manifest.json in Resources */,
				CBD5FE49300BC519007F7603 /* data in Resources */,
				CBD5FE47300BC519007F7603 /* icons in Resources */,
				CBD5FE4A300BC519007F7603 /* src in Resources */,
			);
			runOnlyForDeploymentPostprocessing = 0;
		};
/* End PBXResourcesBuildPhase section */

/* Begin PBXSourcesBuildPhase section */
		CBD5FE0F300BC518007F7603 /* Sources */ = {
			isa = PBXSourcesBuildPhase;
			buildActionMask = 2147483647;
			files = (
				CBD5FE23300BC518007F7603 /* ViewController.swift in Sources */,
				CBD5FE17300BC518007F7603 /* AppDelegate.swift in Sources */,
				CBD5FE21300BC518007F7603 /* SceneDelegate.swift in Sources */,
			);
			runOnlyForDeploymentPostprocessing = 0;
		};
		CBD5FE2C300BC519007F7603 /* Sources */ = {
			isa = PBXSourcesBuildPhase;
			buildActionMask = 2147483647;
			files = (
				CBD5FE36300BC519007F7603 /* SafariWebExtensionHandler.swift in Sources */,
			);
			runOnlyForDeploymentPostprocessing = 0;
		};
/* End PBXSourcesBuildPhase section */

/* Begin PBXTargetDependency section */
		CBD5FE33300BC519007F7603 /* PBXTargetDependency */ = {
			isa = PBXTargetDependency;
			target = CBD5FE2F300BC519007F7603 /* Bulgarian Accenter Extension */;
			targetProxy = CBD5FE32300BC519007F7603 /* PBXContainerItemProxy */;
		};
/* End PBXTargetDependency section */

/* Begin PBXVariantGroup section */
		CBD5FE19300BC518007F7603 /* Main.html */ = {
			isa = PBXVariantGroup;
			children = (
				CBD5FE1A300BC518007F7603 /* Base */,
			);
			name = Main.html;
			sourceTree = "<group>";
		};
		CBD5FE24300BC518007F7603 /* LaunchScreen.storyboard */ = {
			isa = PBXVariantGroup;
			children = (
				CBD5FE25300BC518007F7603 /* Base */,
			);
			name = LaunchScreen.storyboard;
			sourceTree = "<group>";
		};
		CBD5FE27300BC518007F7603 /* Main.storyboard */ = {
			isa = PBXVariantGroup;
			children = (
				CBD5FE28300BC518007F7603 /* Base */,
			);
			name = Main.storyboard;
			sourceTree = "<group>";
		};
/* End PBXVariantGroup section */

/* Begin XCBuildConfiguration section */
		CBD5FE39300BC519007F7603 /* Debug */ = {
			isa = XCBuildConfiguration;
			buildSettings = {
				ALWAYS_SEARCH_USER_PATHS = NO;
				ASSETCATALOG_COMPILER_GENERATE_SWIFT_ASSET_SYMBOL_EXTENSIONS = YES;
				CLANG_ANALYZER_NONNULL = YES;
				CLANG_ANALYZER_NUMBER_OBJECT_CONVERSION = YES_AGGRESSIVE;
				CLANG_CXX_LANGUAGE_STANDARD = "gnu++20";
				CLANG_ENABLE_MODULES = YES;
				CLANG_ENABLE_OBJC_ARC = YES;
				CLANG_ENABLE_OBJC_WEAK = YES;
				CLANG_WARN_BLOCK_CAPTURE_AUTORELEASING = YES;
				CLANG_WARN_BOOL_CONVERSION = YES;
				CLANG_WARN_COMMA = YES;
				CLANG_WARN_CONSTANT_CONVERSION = YES;
				CLANG_WARN_DEPRECATED_OBJC_IMPLEMENTATIONS = YES;
				CLANG_WARN_DIRECT_OBJC_ISA_USAGE = YES_ERROR;
				CLANG_WARN_DOCUMENTATION_COMMENTS = YES;
				CLANG_WARN_EMPTY_BODY = YES;
				CLANG_WARN_ENUM_CONVERSION = YES;
				CLANG_WARN_INFINITE_RECURSION = YES;
				CLANG_WARN_INT_CONVERSION = YES;
				CLANG_WARN_NON_LITERAL_NULL_CONVERSION = YES;
				CLANG_WARN_OBJC_IMPLICIT_RETAIN_SELF = YES;
				CLANG_WARN_OBJC_LITERAL_CONVERSION = YES;
				CLANG_WARN_OBJC_ROOT_CLASS = YES_ERROR;
				CLANG_WARN_QUOTED_INCLUDE_IN_FRAMEWORK_HEADER = YES;
				CLANG_WARN_RANGE_LOOP_ANALYSIS = YES;
				CLANG_WARN_STRICT_PROTOTYPES = YES;
				CLANG_WARN_SUSPICIOUS_MOVE = YES;
				CLANG_WARN_UNGUARDED_AVAILABILITY = YES_AGGRESSIVE;
				CLANG_WARN_UNREACHABLE_CODE = YES;
				CLANG_WARN__DUPLICATE_METHOD_MATCH = YES;
				COPY_PHASE_STRIP = NO;
				DEBUG_INFORMATION_FORMAT = dwarf;
				ENABLE_STRICT_OBJC_MSGSEND = YES;
				ENABLE_TESTABILITY = YES;
				ENABLE_USER_SCRIPT_SANDBOXING = YES;
				GCC_C_LANGUAGE_STANDARD = gnu17;
				GCC_DYNAMIC_NO_PIC = NO;
				GCC_NO_COMMON_BLOCKS = YES;
				GCC_OPTIMIZATION_LEVEL = 0;
				GCC_PREPROCESSOR_DEFINITIONS = (
					"DEBUG=1",
					"$(inherited)",
				);
				GCC_WARN_64_TO_32_BIT_CONVERSION = YES;
				GCC_WARN_ABOUT_RETURN_TYPE = YES_ERROR;
				GCC_WARN_UNDECLARED_SELECTOR = YES;
				GCC_WARN_UNINITIALIZED_AUTOS = YES_AGGRESSIVE;
				GCC_WARN_UNUSED_FUNCTION = YES;
				GCC_WARN_UNUSED_VARIABLE = YES;
				IPHONEOS_DEPLOYMENT_TARGET = 26.5;
				LOCALIZATION_PREFERS_STRING_CATALOGS = YES;
				MTL_ENABLE_DEBUG_INFO = INCLUDE_SOURCE;
				MTL_FAST_MATH = YES;
				ONLY_ACTIVE_ARCH = YES;
				SDKROOT = iphoneos;
				SWIFT_ACTIVE_COMPILATION_CONDITIONS = "DEBUG $(inherited)";
				SWIFT_OPTIMIZATION_LEVEL = "-Onone";
			};
			name = Debug;
		};
		CBD5FE3A300BC519007F7603 /* Release */ = {
			isa = XCBuildConfiguration;
			buildSettings = {
				ALWAYS_SEARCH_USER_PATHS = NO;
				ASSETCATALOG_COMPILER_GENERATE_SWIFT_ASSET_SYMBOL_EXTENSIONS = YES;
				CLANG_ANALYZER_NONNULL = YES;
				CLANG_ANALYZER_NUMBER_OBJECT_CONVERSION = YES_AGGRESSIVE;
				CLANG_CXX_LANGUAGE_STANDARD = "gnu++20";
				CLANG_ENABLE_MODULES = YES;
				CLANG_ENABLE_OBJC_ARC = YES;
				CLANG_ENABLE_OBJC_WEAK = YES;
				CLANG_WARN_BLOCK_CAPTURE_AUTORELEASING = YES;
				CLANG_WARN_BOOL_CONVERSION = YES;
				CLANG_WARN_COMMA = YES;
				CLANG_WARN_CONSTANT_CONVERSION = YES;
				CLANG_WARN_DEPRECATED_OBJC_IMPLEMENTATIONS = YES;
				CLANG_WARN_DIRECT_OBJC_ISA_USAGE = YES_ERROR;
				CLANG_WARN_DOCUMENTATION_COMMENTS = YES;
				CLANG_WARN_EMPTY_BODY = YES;
				CLANG_WARN_ENUM_CONVERSION = YES;
				CLANG_WARN_INFINITE_RECURSION = YES;
				CLANG_WARN_INT_CONVERSION = YES;
				CLANG_WARN_NON_LITERAL_NULL_CONVERSION = YES;
				CLANG_WARN_OBJC_IMPLICIT_RETAIN_SELF = YES;
				CLANG_WARN_OBJC_LITERAL_CONVERSION = YES;
				CLANG_WARN_OBJC_ROOT_CLASS = YES_ERROR;
				CLANG_WARN_QUOTED_INCLUDE_IN_FRAMEWORK_HEADER = YES;
				CLANG_WARN_RANGE_LOOP_ANALYSIS = YES;
				CLANG_WARN_STRICT_PROTOTYPES = YES;
				CLANG_WARN_SUSPICIOUS_MOVE = YES;
				CLANG_WARN_UNGUARDED_AVAILABILITY = YES_AGGRESSIVE;
				CLANG_WARN_UNREACHABLE_CODE = YES;
				CLANG_WARN__DUPLICATE_METHOD_MATCH = YES;
				COPY_PHASE_STRIP = NO;
				DEBUG_INFORMATION_FORMAT = "dwarf-with-dsym";
				ENABLE_NS_ASSERTIONS = NO;
				ENABLE_STRICT_OBJC_MSGSEND = YES;
				ENABLE_USER_SCRIPT_SANDBOXING = YES;
				GCC_C_LANGUAGE_STANDARD = gnu17;
				GCC_NO_COMMON_BLOCKS = YES;
				GCC_WARN_64_TO_32_BIT_CONVERSION = YES;
				GCC_WARN_ABOUT_RETURN_TYPE = YES_ERROR;
				GCC_WARN_UNDECLARED_SELECTOR = YES;
				GCC_WARN_UNINITIALIZED_AUTOS = YES_AGGRESSIVE;
				GCC_WARN_UNUSED_FUNCTION = YES;
				GCC_WARN_UNUSED_VARIABLE = YES;
				IPHONEOS_DEPLOYMENT_TARGET = 26.5;
				LOCALIZATION_PREFERS_STRING_CATALOGS = YES;
				MTL_ENABLE_DEBUG_INFO = NO;
				MTL_FAST_MATH = YES;
				SDKROOT = iphoneos;
				SWIFT_COMPILATION_MODE = wholemodule;
				VALIDATE_PRODUCT = YES;
			};
			name = Release;
		};
		CBD5FE3C300BC519007F7603 /* Debug */ = {
			isa = XCBuildConfiguration;
			buildSettings = {
				CODE_SIGN_STYLE = Automatic;
				CURRENT_PROJECT_VERSION = 1;
				DEVELOPMENT_TEAM = "";
				GENERATE_INFOPLIST_FILE = YES;
				INFOPLIST_FILE = "Bulgarian Accenter Extension/Info.plist";
				INFOPLIST_KEY_CFBundleDisplayName = "Bulgarian Accenter Extension";
				INFOPLIST_KEY_NSHumanReadableCopyright = "";
				IPHONEOS_DEPLOYMENT_TARGET = 15.0;
				LD_RUNPATH_SEARCH_PATHS = (
					"$(inherited)",
					"@executable_path/Frameworks",
					"@executable_path/../../Frameworks",
				);
				MARKETING_VERSION = 1.0;
				OTHER_LDFLAGS = (
					"-framework",
					SafariServices,
				);
				PRODUCT_BUNDLE_IDENTIFIER = "io.github.noomorph.bulgarian-accenter.Extension";
				PRODUCT_NAME = "$(TARGET_NAME)";
				SKIP_INSTALL = YES;
				STRING_CATALOG_GENERATE_SYMBOLS = YES;
				SWIFT_APPROACHABLE_CONCURRENCY = YES;
				SWIFT_EMIT_LOC_STRINGS = YES;
				SWIFT_UPCOMING_FEATURE_MEMBER_IMPORT_VISIBILITY = YES;
				SWIFT_VERSION = 5.0;
				TARGETED_DEVICE_FAMILY = "1,2";
			};
			name = Debug;
		};
		CBD5FE3D300BC519007F7603 /* Release */ = {
			isa = XCBuildConfiguration;
			buildSettings = {
				CODE_SIGN_STYLE = Automatic;
				CURRENT_PROJECT_VERSION = 1;
				DEVELOPMENT_TEAM = "";
				GENERATE_INFOPLIST_FILE = YES;
				INFOPLIST_FILE = "Bulgarian Accenter Extension/Info.plist";
				INFOPLIST_KEY_CFBundleDisplayName = "Bulgarian Accenter Extension";
				INFOPLIST_KEY_NSHumanReadableCopyright = "";
				IPHONEOS_DEPLOYMENT_TARGET = 15.0;
				LD_RUNPATH_SEARCH_PATHS = (
					"$(inherited)",
					"@executable_path/Frameworks",
					"@executable_path/../../Frameworks",
				);
				MARKETING_VERSION = 1.0;
				OTHER_LDFLAGS = (
					"-framework",
					SafariServices,
				);
				PRODUCT_BUNDLE_IDENTIFIER = "io.github.noomorph.bulgarian-accenter.Extension";
				PRODUCT_NAME = "$(TARGET_NAME)";
				SKIP_INSTALL = YES;
				STRING_CATALOG_GENERATE_SYMBOLS = YES;
				SWIFT_APPROACHABLE_CONCURRENCY = YES;
				SWIFT_EMIT_LOC_STRINGS = YES;
				SWIFT_UPCOMING_FEATURE_MEMBER_IMPORT_VISIBILITY = YES;
				SWIFT_VERSION = 5.0;
				TARGETED_DEVICE_FAMILY = "1,2";
			};
			name = Release;
		};
		CBD5FE40300BC519007F7603 /* Debug */ = {
			isa = XCBuildConfiguration;
			buildSettings = {
				ASSETCATALOG_COMPILER_APPICON_NAME = AppIcon;
				ASSETCATALOG_COMPILER_GLOBAL_ACCENT_COLOR_NAME = AccentColor;
				CODE_SIGN_STYLE = Automatic;
				CURRENT_PROJECT_VERSION = 1;
				DEVELOPMENT_TEAM = "";
				GENERATE_INFOPLIST_FILE = YES;
				INFOPLIST_FILE = "Bulgarian Accenter/Info.plist";
				INFOPLIST_KEY_CFBundleDisplayName = "Bulgarian Accenter";
				INFOPLIST_KEY_UIApplicationSupportsIndirectInputEvents = YES;
				INFOPLIST_KEY_UILaunchStoryboardName = LaunchScreen;
				INFOPLIST_KEY_UIMainStoryboardFile = Main;
				INFOPLIST_KEY_UISupportedInterfaceOrientations_iPad = "UIInterfaceOrientationPortrait UIInterfaceOrientationPortraitUpsideDown UIInterfaceOrientationLandscapeLeft UIInterfaceOrientationLandscapeRight";
				INFOPLIST_KEY_UISupportedInterfaceOrientations_iPhone = "UIInterfaceOrientationPortrait UIInterfaceOrientationLandscapeLeft UIInterfaceOrientationLandscapeRight";
				IPHONEOS_DEPLOYMENT_TARGET = 15.0;
				LD_RUNPATH_SEARCH_PATHS = (
					"$(inherited)",
					"@executable_path/Frameworks",
				);
				MARKETING_VERSION = 1.0;
				OTHER_LDFLAGS = (
					"-framework",
					SafariServices,
					"-framework",
					WebKit,
				);
				PRODUCT_BUNDLE_IDENTIFIER = "io.github.noomorph.bulgarian-accenter";
				PRODUCT_NAME = "$(TARGET_NAME)";
				STRING_CATALOG_GENERATE_SYMBOLS = YES;
				SWIFT_APPROACHABLE_CONCURRENCY = YES;
				SWIFT_DEFAULT_ACTOR_ISOLATION = MainActor;
				SWIFT_EMIT_LOC_STRINGS = YES;
				SWIFT_UPCOMING_FEATURE_MEMBER_IMPORT_VISIBILITY = YES;
				SWIFT_VERSION = 5.0;
				TARGETED_DEVICE_FAMILY = "1,2";
			};
			name = Debug;
		};
		CBD5FE41300BC519007F7603 /* Release */ = {
			isa = XCBuildConfiguration;
			buildSettings = {
				ASSETCATALOG_COMPILER_APPICON_NAME = AppIcon;
				ASSETCATALOG_COMPILER_GLOBAL_ACCENT_COLOR_NAME = AccentColor;
				CODE_SIGN_STYLE = Automatic;
				CURRENT_PROJECT_VERSION = 1;
				DEVELOPMENT_TEAM = "";
				GENERATE_INFOPLIST_FILE = YES;
				INFOPLIST_FILE = "Bulgarian Accenter/Info.plist";
				INFOPLIST_KEY_CFBundleDisplayName = "Bulgarian Accenter";
				INFOPLIST_KEY_UIApplicationSupportsIndirectInputEvents = YES;
				INFOPLIST_KEY_UILaunchStoryboardName = LaunchScreen;
				INFOPLIST_KEY_UIMainStoryboardFile = Main;
				INFOPLIST_KEY_UISupportedInterfaceOrientations_iPad = "UIInterfaceOrientationPortrait UIInterfaceOrientationPortraitUpsideDown UIInterfaceOrientationLandscapeLeft UIInterfaceOrientationLandscapeRight";
				INFOPLIST_KEY_UISupportedInterfaceOrientations_iPhone = "UIInterfaceOrientationPortrait UIInterfaceOrientationLandscapeLeft UIInterfaceOrientationLandscapeRight";
				IPHONEOS_DEPLOYMENT_TARGET = 15.0;
				LD_RUNPATH_SEARCH_PATHS = (
					"$(inherited)",
					"@executable_path/Frameworks",
				);
				MARKETING_VERSION = 1.0;
				OTHER_LDFLAGS = (
					"-framework",
					SafariServices,
					"-framework",
					WebKit,
				);
				PRODUCT_BUNDLE_IDENTIFIER = "io.github.noomorph.bulgarian-accenter";
				PRODUCT_NAME = "$(TARGET_NAME)";
				STRING_CATALOG_GENERATE_SYMBOLS = YES;
				SWIFT_APPROACHABLE_CONCURRENCY = YES;
				SWIFT_DEFAULT_ACTOR_ISOLATION = MainActor;
				SWIFT_EMIT_LOC_STRINGS = YES;
				SWIFT_UPCOMING_FEATURE_MEMBER_IMPORT_VISIBILITY = YES;
				SWIFT_VERSION = 5.0;
				TARGETED_DEVICE_FAMILY = "1,2";
			};
			name = Release;
		};
/* End XCBuildConfiguration section */

/* Begin XCConfigurationList section */
		CBD5FE0E300BC518007F7603 /* Build configuration list for PBXProject "Bulgarian Accenter" */ = {
			isa = XCConfigurationList;
			buildConfigurations = (
				CBD5FE39300BC519007F7603 /* Debug */,
				CBD5FE3A300BC519007F7603 /* Release */,
			);
			defaultConfigurationIsVisible = 0;
			defaultConfigurationName = Release;
		};
		CBD5FE3B300BC519007F7603 /* Build configuration list for PBXNativeTarget "Bulgarian Accenter Extension" */ = {
			isa = XCConfigurationList;
			buildConfigurations = (
				CBD5FE3C300BC519007F7603 /* Debug */,
				CBD5FE3D300BC519007F7603 /* Release */,
			);
			defaultConfigurationIsVisible = 0;
			defaultConfigurationName = Release;
		};
		CBD5FE3F300BC519007F7603 /* Build configuration list for PBXNativeTarget "Bulgarian Accenter" */ = {
			isa = XCConfigurationList;
			buildConfigurations = (
				CBD5FE40300BC519007F7603 /* Debug */,
				CBD5FE41300BC519007F7603 /* Release */,
			);
			defaultConfigurationIsVisible = 0;
			defaultConfigurationName = Release;
		};
/* End XCConfigurationList section */
	};
	rootObject = CBD5FE0B300BC518007F7603 /* Project object */;
}
